
Microsoft Visual Studio Solution File, Format Version 12.00
# Visual Studio 15
VisualStudioVersion = 15.0.28307.572
MinimumVisualStudioVersion = 10.0.40219.1
Project("{FAE04EC0-301F-11D3-BF4B-00C04F79EFBC}") = "ListOfCombination", "ListOfCombination\ListOfCombination.csproj", "{623067B0-D548-4E0D-98D6-C2841FBBA0B3}"
EndProject
Global
	GlobalSection(SolutionConfigurationPlatforms) = preSolution
		Debug|Any CPU = Debug|Any CPU
		Release|Any CPU = Release|Any CPU
	EndGlobalSection
	GlobalSection(ProjectConfigurationPlatforms) = postSolution
		{623067B0-D548-4E0D-98D6-C2841FBBA0B3}.Debug|Any CPU.ActiveCfg = Debug|Any CPU
		{623067B0-D548-4E0D-98D6-C2841FBBA0B3}.Debug|Any CPU.Build.0 = Debug|Any CPU
		{623067B0-D548-4E0D-98D6-C2841FBBA0B3}.Release|Any CPU.ActiveCfg = Release|Any CPU
		{623067B0-D548-4E0D-98D6-C2841FBBA0B3}.Release|Any CPU.Build.0 = Release|Any CPU
	EndGlobalSection
	GlobalSection(SolutionProperties) = preSolution
		HideSolutionNode = FALSE
	EndGlobalSection
	GlobalSection(ExtensibilityGlobals) = postSolution
		SolutionGuid = {E09E6001-010F-4DEE-B130-889C2BAE7041}
	EndGlobalSection
EndGlobal
